{
    "_meta": {
        "hash": {
            "sha256": "2d71afcd57a87d810010bf826f0ee2884242d302179a5d8be42904694e70526b"
        },
        "pipfile-spec": 6,
        "requires": {
            "python_version": "3.12"
        },
        "sources": [
            {
                "name": "pypi",
                "url": "https://pypi.org/simple",
                "verify_ssl": true
            }
        ]
    },
    "default": {
        "attrs": {
            "hashes": [
                "sha256:427318ce031701fea540783410126f03899a97ffc6f61596ad581ac2e40e3bc3",
                "sha256:75d7cefc7fb576747b2c81b4442d4d4a1ce0900973527c011d1030fd3bf4af1b"
            ],
            "markers": "python_version >= '3.8'",
            "version": "==25.3.0"
        },
        "lz4": {
            "hashes": [
                "sha256:017f8d269a739405a59d68a4d63d23a8df23e3bb2c70aa069b7563af08dfdffb",
                "sha256:070fd0627ec4393011251a094e08ed9fdcc78cb4e7ab28f507638eee4e39abda",
                "sha256:18ae4fe3bafb344dbd09f976d45cbf49c05c34416f2462828f9572c1fa6d5af7",
                "sha256:1ea7f07329f85a8eda4d8cf937b87f27f0ac392c6400f18bea2c667c8b7f8ecc",
                "sha256:23ae267494fdd80f0d2a131beff890cf857f1b812ee72dbb96c3204aab725553",
                "sha256:2f4f2965c98ab254feddf6b5072854a6935adab7bc81412ec4fe238f07b85f62",
                "sha256:30ebbc5b76b4f0018988825a7e9ce153be4f0d4eba34e6c1f2fcded120573e88",
                "sha256:33e01e18e4561b0381b2c33d58e77ceee850a5067f0ece945064cbaac2176962",
                "sha256:38730927ad51beb42ab8dbc5555270bfbe86167ba734265f88bbd799fced1004",
                "sha256:4134b9fd70ac41954c080b772816bb1afe0c8354ee993015a83430031d686a4c",
                "sha256:45e7c954546de4f85d895aa735989d77f87dd649f503ce1c8a71a151b092ed36",
                "sha256:4ab1537bd3b3bfbafd3c8847e06827129794488304f21945fc2f5b669649d94f",
                "sha256:57fd20c5fc1a49d1bbd170836fccf9a338847e73664f8e313dce6ac91b8c1e02",
                "sha256:585b42eb37ab16a278c3a917ec23b2beef175aa669f4120142b97aebf90ef775",
                "sha256:6b56aa9eef830bf6443acd8c4e18b208a8993dc32e0d6ef4263ecfa6afb3f599",
                "sha256:6ea715bb3357ea1665f77874cf8f55385ff112553db06f3742d3cdcec08633f7",
                "sha256:714f9298c86f8e7278f1c6af23e509044782fa8220eb0260f8f8f1632f820550",
                "sha256:80dd27d7d680ea02c261c226acf1d41de2fd77af4fb2da62b278a9376e380de0",
                "sha256:8ccab8f7f7b82f9fa9fc3b0ba584d353bd5aa818d5821d77d5b9447faad2aaad",
                "sha256:900912e8a7cf74b4a2bea18a3594ae0bf1138f99919c20017167b6e05f760aa4",
                "sha256:9b7d6dddfd01b49aedb940fdcaf32f41dc58c926ba35f4e31866aeec2f32f4f4",
                "sha256:a355223a284f42a723c120ce68827de66d5cb872a38732b3d5abbf544fa2fe26",
                "sha256:a760a175b46325b2bb33b1f2bbfb8aa21b48e1b9653e29c10b6834f9bb44ead4",
                "sha256:a8474c91de47733856c6686df3c4aca33753741da7e757979369c2c0d32918ba",
                "sha256:b28228197775b7b5096898851d59ef43ccaf151136f81d9c436bc9ba560bc2ba",
                "sha256:bd1add57b6fe1f96bed2d529de085e9378a3ac04b86f116d10506f85b68e97fc",
                "sha256:d0be9f68240231e1e44118a4ebfecd8a5d4184f0bdf5c591c98dd6ade9720afd",
                "sha256:d21d1a2892a2dcc193163dd13eaadabb2c1b803807a5117d8f8588b22eaf9f12",
                "sha256:d33a5105cd96ebd32c3e78d7ece6123a9d2fb7c18b84dec61f27837d9e0c496c",
                "sha256:dac522788296a9a02a39f620970dea86c38e141e21e51238f1b5e9fa629f8e69",
                "sha256:dc64d6dfa7a89397529b22638939e70d85eaedc1bd68e30a29c78bfb65d4f715",
                "sha256:ddfc7194cd206496c445e9e5b0c47f970ce982c725c87bd22de028884125b68f",
                "sha256:e3fc90f766401684740978cd781d73b9685bd81b5dbf7257542ef9de4612e4d2",
                "sha256:e43e9d48b2daf80e486213128b0763deed35bbb7a59b66d1681e205e1702d735",
                "sha256:e9cb387c33f014dae4db8cb4ba789c8d2a0a6d045ddff6be13f6c8d9def1d2a6",
                "sha256:e9ec5d45ea43684f87c316542af061ef5febc6a6b322928f059ce1fb289c298a",
                "sha256:ed6eb9f8deaf25ee4f6fad9625d0955183fdc90c52b6f79a76b7f209af1b6e54",
                "sha256:f170abb8416c4efca48e76cac2c86c3185efdf841aecbe5c190121c42828ced0",
                "sha256:f4c21648d81e0dda38b4720dccc9006ae33b0e9e7ffe88af6bf7d4ec124e2fba",
                "sha256:f5024d3ca2383470f7c4ef4d0ed8eabad0b22b23eeefde1c192cf1a38d5e9f78",
                "sha256:fff9f3a1ed63d45cb6514bfb8293005dc4141341ce3500abdfeb76124c0b9b2e"
            ],
            "index": "pypi",
            "markers": "python_version >= '3.9'",
            "version": "==4.4.4"
        },
        "pytiled-parser": {
            "hashes": [
                "sha256:225269fdd37afcbcd3b76ea3e2cab6b1e742387027106055990db43fd7451ebd",
                "sha256:37f73d31950bf4d02ee3bda59f3d6123c55194dc8d8e876821dd2080af5f1f91"
            ],
            "index": "pypi",
            "markers": "python_version >= '3.6'",
            "version": "==2.2.9"
        },
        "typing-extensions": {
            "hashes": [
                "sha256:a439e7c04b49fec3e5d3e2beaa21755cadbbdc391694e28ccdd36ca4a1408f8c",
                "sha256:e6c81219bd689f51865d9e372991c540bda33a0379d5573cddb9a3a23f7caaef"
            ],
            "markers": "python_version >= '3.8'",
            "version": "==4.13.2"
        }
    },
    "develop": {}
}
